
Microsoft Visual Studio Solution File, Format Version 12.00
# Visual Studio 15
VisualStudioVersion = 15.0.26730.16
MinimumVisualStudioVersion = 10.0.40219.1
Project("{FAE04EC0-301F-11D3-BF4B-00C04F79EFBC}") = "CleverDevice", "CleverDevice\CleverDevice.csproj", "{17436E9F-69EB-417A-8E3C-ABD19D4B65A1}"
EndProject
Project("{FAE04EC0-301F-11D3-BF4B-00C04F79EFBC}") = "FunctionClass", "FunctionClass\FunctionClass.csproj", "{E16E085B-23CB-43A6-AEBA-F952C4C34783}"
EndProject
Global
	GlobalSection(SolutionConfigurationPlatforms) = preSolution
		Debug|Any CPU = Debug|Any CPU
		Release|Any CPU = Release|Any CPU
	EndGlobalSection
	GlobalSection(ProjectConfigurationPlatforms) = postSolution
		{17436E9F-69EB-417A-8E3C-ABD19D4B65A1}.Debug|Any CPU.ActiveCfg = Debug|Any CPU
		{17436E9F-69EB-417A-8E3C-ABD19D4B65A1}.Debug|Any CPU.Build.0 = Debug|Any CPU
		{17436E9F-69EB-417A-8E3C-ABD19D4B65A1}.Release|Any CPU.ActiveCfg = Release|Any CPU
		{17436E9F-69EB-417A-8E3C-ABD19D4B65A1}.Release|Any CPU.Build.0 = Release|Any CPU
		{E16E085B-23CB-43A6-AEBA-F952C4C34783}.Debug|Any CPU.ActiveCfg = Debug|Any CPU
		{E16E085B-23CB-43A6-AEBA-F952C4C34783}.Debug|Any CPU.Build.0 = Debug|Any CPU
		{E16E085B-23CB-43A6-AEBA-F952C4C34783}.Release|Any CPU.ActiveCfg = Release|Any CPU
		{E16E085B-23CB-43A6-AEBA-F952C4C34783}.Release|Any CPU.Build.0 = Release|Any CPU
	EndGlobalSection
	GlobalSection(SolutionProperties) = preSolution
		HideSolutionNode = FALSE
	EndGlobalSection
	GlobalSection(ExtensibilityGlobals) = postSolution
		SolutionGuid = {B14ABF1C-039F-4500-946A-854F2A132D7C}
	EndGlobalSection
EndGlobal
